
Microsoft Visual Studio Solution File, Format Version 12.00
# Visual Studio Version 17
VisualStudioVersion = 17.6.33712.159
MinimumVisualStudioVersion = 10.0.40219.1
Project("{FAE04EC0-301F-11D3-BF4B-00C04F79EFBC}") = "Spon", "Spon\Spon.csproj", "{75C498D4-07B7-41A7-B6E4-4F58A17DCF78}"
EndProject
Global
	GlobalSection(SolutionConfigurationPlatforms) = preSolution
		Debug|Any CPU = Debug|Any CPU
		Release|Any CPU = Release|Any CPU
	EndGlobalSection
	GlobalSection(ProjectConfigurationPlatforms) = postSolution
		{75C498D4-07B7-41A7-B6E4-4F58A17DCF78}.Debug|Any CPU.ActiveCfg = Debug|Any CPU
		{75C498D4-07B7-41A7-B6E4-4F58A17DCF78}.Debug|Any CPU.Build.0 = Debug|Any CPU
		{75C498D4-07B7-41A7-B6E4-4F58A17DCF78}.Release|Any CPU.ActiveCfg = Release|Any CPU
		{75C498D4-07B7-41A7-B6E4-4F58A17DCF78}.Release|Any CPU.Build.0 = Release|Any CPU
	EndGlobalSection
	GlobalSection(SolutionProperties) = preSolution
		HideSolutionNode = FALSE
	EndGlobalSection
	GlobalSection(ExtensibilityGlobals) = postSolution
		SolutionGuid = {8094C69D-60F6-4657-83D8-D294A02FE559}
	EndGlobalSection
EndGlobal
